
Microsoft Visual Studio Solution File, Format Version 12.00
# Visual Studio Version 17
VisualStudioVersion = 17.6.33829.357
MinimumVisualStudioVersion = 10.0.40219.1
Project("{FAE04EC0-301F-11D3-BF4B-00C04F79EFBC}") = "PracticaSRP", "PracticaSRP\PracticaSRP.csproj", "{6A6F468E-7D07-4BB7-95E4-4F811FCEA11D}"
EndProject
Global
	GlobalSection(SolutionConfigurationPlatforms) = preSolution
		Debug|Any CPU = Debug|Any CPU
		Release|Any CPU = Release|Any CPU
	EndGlobalSection
	GlobalSection(ProjectConfigurationPlatforms) = postSolution
		{6A6F468E-7D07-4BB7-95E4-4F811FCEA11D}.Debug|Any CPU.ActiveCfg = Debug|Any CPU
		{6A6F468E-7D07-4BB7-95E4-4F811FCEA11D}.Debug|Any CPU.Build.0 = Debug|Any CPU
		{6A6F468E-7D07-4BB7-95E4-4F811FCEA11D}.Release|Any CPU.ActiveCfg = Release|Any CPU
		{6A6F468E-7D07-4BB7-95E4-4F811FCEA11D}.Release|Any CPU.Build.0 = Release|Any CPU
	EndGlobalSection
	GlobalSection(SolutionProperties) = preSolution
		HideSolutionNode = FALSE
	EndGlobalSection
	GlobalSection(ExtensibilityGlobals) = postSolution
		SolutionGuid = {9A65D7A3-81AE-4607-B1A9-7ACC4649EB96}
	EndGlobalSection
EndGlobal
